
Microsoft Visual Studio Solution File, Format Version 12.00
# Visual Studio Version 17
VisualStudioVersion = 17.11.35222.181
MinimumVisualStudioVersion = 10.0.40219.1
Project("{FAE04EC0-301F-11D3-BF4B-00C04F79EFBC}") = "WebApplication1", "WebApplication1\WebApplication1.csproj", "{0AC2C345-3AF9-4DDA-85AD-749FDE802B5F}"
EndProject
Global
	GlobalSection(SolutionConfigurationPlatforms) = preSolution
		Debug|Any CPU = Debug|Any CPU
		Release|Any CPU = Release|Any CPU
	EndGlobalSection
	GlobalSection(ProjectConfigurationPlatforms) = postSolution
		{0AC2C345-3AF9-4DDA-85AD-749FDE802B5F}.Debug|Any CPU.ActiveCfg = Debug|Any CPU
		{0AC2C345-3AF9-4DDA-85AD-749FDE802B5F}.Debug|Any CPU.Build.0 = Debug|Any CPU
		{0AC2C345-3AF9-4DDA-85AD-749FDE802B5F}.Release|Any CPU.ActiveCfg = Release|Any CPU
		{0AC2C345-3AF9-4DDA-85AD-749FDE802B5F}.Release|Any CPU.Build.0 = Release|Any CPU
	EndGlobalSection
	GlobalSection(SolutionProperties) = preSolution
		HideSolutionNode = FALSE
	EndGlobalSection
	GlobalSection(ExtensibilityGlobals) = postSolution
		SolutionGuid = {2E0B588B-2CC4-4C85-86CB-2D18C3D6F953}
	EndGlobalSection
EndGlobal
